
Microsoft Visual Studio Solution File, Format Version 12.00
# Visual Studio Version 17
VisualStudioVersion = 17.14.36511.14 d17.14
MinimumVisualStudioVersion = 10.0.40219.1
Project("{FAE04EC0-301F-11D3-BF4B-00C04F79EFBC}") = "YOURData", "YOURData\YOURData.csproj", "{BECD3481-FB2A-49CD-BC49-CE82589319BB}"
EndProject
Global
	GlobalSection(SolutionConfigurationPlatforms) = preSolution
		Debug|Any CPU = Debug|Any CPU
		Release|Any CPU = Release|Any CPU
	EndGlobalSection
	GlobalSection(ProjectConfigurationPlatforms) = postSolution
		{BECD3481-FB2A-49CD-BC49-CE82589319BB}.Debug|Any CPU.ActiveCfg = Debug|Any CPU
		{BECD3481-FB2A-49CD-BC49-CE82589319BB}.Debug|Any CPU.Build.0 = Debug|Any CPU
		{BECD3481-FB2A-49CD-BC49-CE82589319BB}.Release|Any CPU.ActiveCfg = Release|Any CPU
		{BECD3481-FB2A-49CD-BC49-CE82589319BB}.Release|Any CPU.Build.0 = Release|Any CPU
	EndGlobalSection
	GlobalSection(SolutionProperties) = preSolution
		HideSolutionNode = FALSE
	EndGlobalSection
	GlobalSection(ExtensibilityGlobals) = postSolution
		SolutionGuid = {F996C8F0-B635-4DBE-AD0C-9D050BF1F882}
	EndGlobalSection
EndGlobal

# gitedit 1
# gitedit 2
# editgit 3